
Microsoft Visual Studio Solution File, Format Version 12.00
# Visual Studio 15
VisualStudioVersion = 15.0.27130.0
MinimumVisualStudioVersion = 10.0.40219.1
Project("{9A19103F-16F7-4668-BE54-9A1E7A4F7556}") = "telefonski_imenik", "telefonski_imenik\telefonski_imenik.csproj", "{8A021D74-37AA-4057-B3C5-53D87D7F4AA8}"
EndProject
Project("{00D1A9C2-B5F0-4AF3-8072-F6C62B433612}") = "MojaBaza", "MojaBaza\MojaBaza.sqlproj", "{13178A3A-1398-4E5C-9CE7-2ACEFD527FEC}"
EndProject
Global
	GlobalSection(SolutionConfigurationPlatforms) = preSolution
		Debug|Any CPU = Debug|Any CPU
		Release|Any CPU = Release|Any CPU
	EndGlobalSection
	GlobalSection(ProjectConfigurationPlatforms) = postSolution
		{8A021D74-37AA-4057-B3C5-53D87D7F4AA8}.Debug|Any CPU.ActiveCfg = Debug|Any CPU
		{8A021D74-37AA-4057-B3C5-53D87D7F4AA8}.Debug|Any CPU.Build.0 = Debug|Any CPU
		{8A021D74-37AA-4057-B3C5-53D87D7F4AA8}.Release|Any CPU.ActiveCfg = Release|Any CPU
		{8A021D74-37AA-4057-B3C5-53D87D7F4AA8}.Release|Any CPU.Build.0 = Release|Any CPU
		{13178A3A-1398-4E5C-9CE7-2ACEFD527FEC}.Debug|Any CPU.ActiveCfg = Debug|Any CPU
		{13178A3A-1398-4E5C-9CE7-2ACEFD527FEC}.Debug|Any CPU.Build.0 = Debug|Any CPU
		{13178A3A-1398-4E5C-9CE7-2ACEFD527FEC}.Debug|Any CPU.Deploy.0 = Debug|Any CPU
		{13178A3A-1398-4E5C-9CE7-2ACEFD527FEC}.Release|Any CPU.ActiveCfg = Release|Any CPU
		{13178A3A-1398-4E5C-9CE7-2ACEFD527FEC}.Release|Any CPU.Build.0 = Release|Any CPU
		{13178A3A-1398-4E5C-9CE7-2ACEFD527FEC}.Release|Any CPU.Deploy.0 = Release|Any CPU
	EndGlobalSection
	GlobalSection(SolutionProperties) = preSolution
		HideSolutionNode = FALSE
	EndGlobalSection
	GlobalSection(ExtensibilityGlobals) = postSolution
		SolutionGuid = {ABAFC0C3-1994-4497-8F06-D4F395BFD4E6}
	EndGlobalSection
EndGlobal
